
Microsoft Visual Studio Solution File, Format Version 12.00
# Visual Studio Version 16
VisualStudioVersion = 16.0.29613.14
MinimumVisualStudioVersion = 10.0.40219.1
Project("{9A19103F-16F7-4668-BE54-9A1E7A4F7556}") = "PushNotifications.Server", "PushNotifications.Server\PushNotifications.Server.csproj", "{12C3A1A2-C021-4159-AEFE-2A999F994655}"
EndProject
Project("{2150E333-8FDC-42A3-9474-1A3956D46DE8}") = "Tests", "Tests", "{1A073276-B230-455E-B17C-C5E991E330D5}"
EndProject
Project("{2150E333-8FDC-42A3-9474-1A3956D46DE8}") = "Solution Items", "Solution Items", "{2643D75D-D49E-45EB-8307-8378FD7913B3}"
	ProjectSection(SolutionItems) = preProject
		.editorconfig = .editorconfig
		.gitignore = .gitignore
		build.yml = build.yml
		README.md = README.md
	EndProjectSection
EndProject
Project("{9A19103F-16F7-4668-BE54-9A1E7A4F7556}") = "PushNotifications.Server.Tests", "Tests\PushNotifications.Server.Tests\PushNotifications.Server.Tests.csproj", "{9D74CA53-8DA0-4B4E-9387-8BC278992887}"
EndProject
Project("{2150E333-8FDC-42A3-9474-1A3956D46DE8}") = "Samples", "Samples", "{F488D0FC-9A71-464C-BD8B-D021F7E4B55E}"
EndProject
Project("{9A19103F-16F7-4668-BE54-9A1E7A4F7556}") = "PushNotifications.Server.ConsoleSample", "Samples\PushNotifications.Server.ConsoleSample\PushNotifications.Server.ConsoleSample.csproj", "{CA3FF800-63D1-43D7-8D9D-A07DC99F9AE4}"
EndProject
Project("{9A19103F-16F7-4668-BE54-9A1E7A4F7556}") = "PushNotifications.Server.AspNetCore", "PushNotifications.Server.AspNetCore\PushNotifications.Server.AspNetCore.csproj", "{CB869CAA-8E8C-4219-89CE-C2C20C8F443A}"
EndProject
Project("{9A19103F-16F7-4668-BE54-9A1E7A4F7556}") = "PushNotifications.Server.AspNetCoreSample", "Samples\PushNotifications.Server.AspNetCoreSample\PushNotifications.Server.AspNetCoreSample.csproj", "{510794F7-F58F-43E1-88CA-C23721D6FC17}"
EndProject
Global
	GlobalSection(SolutionConfigurationPlatforms) = preSolution
		Debug|Any CPU = Debug|Any CPU
		Release|Any CPU = Release|Any CPU
	EndGlobalSection
	GlobalSection(ProjectConfigurationPlatforms) = postSolution
		{12C3A1A2-C021-4159-AEFE-2A999F994655}.Debug|Any CPU.ActiveCfg = Debug|Any CPU
		{12C3A1A2-C021-4159-AEFE-2A999F994655}.Debug|Any CPU.Build.0 = Debug|Any CPU
		{12C3A1A2-C021-4159-AEFE-2A999F994655}.Release|Any CPU.ActiveCfg = Release|Any CPU
		{12C3A1A2-C021-4159-AEFE-2A999F994655}.Release|Any CPU.Build.0 = Release|Any CPU
		{9D74CA53-8DA0-4B4E-9387-8BC278992887}.Debug|Any CPU.ActiveCfg = Debug|Any CPU
		{9D74CA53-8DA0-4B4E-9387-8BC278992887}.Debug|Any CPU.Build.0 = Debug|Any CPU
		{9D74CA53-8DA0-4B4E-9387-8BC278992887}.Release|Any CPU.ActiveCfg = Release|Any CPU
		{9D74CA53-8DA0-4B4E-9387-8BC278992887}.Release|Any CPU.Build.0 = Release|Any CPU
		{CA3FF800-63D1-43D7-8D9D-A07DC99F9AE4}.Debug|Any CPU.ActiveCfg = Debug|Any CPU
		{CA3FF800-63D1-43D7-8D9D-A07DC99F9AE4}.Debug|Any CPU.Build.0 = Debug|Any CPU
		{CA3FF800-63D1-43D7-8D9D-A07DC99F9AE4}.Release|Any CPU.ActiveCfg = Release|Any CPU
		{CA3FF800-63D1-43D7-8D9D-A07DC99F9AE4}.Release|Any CPU.Build.0 = Release|Any CPU
		{CB869CAA-8E8C-4219-89CE-C2C20C8F443A}.Debug|Any CPU.ActiveCfg = Debug|Any CPU
		{CB869CAA-8E8C-4219-89CE-C2C20C8F443A}.Debug|Any CPU.Build.0 = Debug|Any CPU
		{CB869CAA-8E8C-4219-89CE-C2C20C8F443A}.Release|Any CPU.ActiveCfg = Release|Any CPU
		{CB869CAA-8E8C-4219-89CE-C2C20C8F443A}.Release|Any CPU.Build.0 = Release|Any CPU
		{510794F7-F58F-43E1-88CA-C23721D6FC17}.Debug|Any CPU.ActiveCfg = Debug|Any CPU
		{510794F7-F58F-43E1-88CA-C23721D6FC17}.Debug|Any CPU.Build.0 = Debug|Any CPU
		{510794F7-F58F-43E1-88CA-C23721D6FC17}.Release|Any CPU.ActiveCfg = Release|Any CPU
		{510794F7-F58F-43E1-88CA-C23721D6FC17}.Release|Any CPU.Build.0 = Release|Any CPU
	EndGlobalSection
	GlobalSection(SolutionProperties) = preSolution
		HideSolutionNode = FALSE
	EndGlobalSection
	GlobalSection(NestedProjects) = preSolution
		{9D74CA53-8DA0-4B4E-9387-8BC278992887} = {1A073276-B230-455E-B17C-C5E991E330D5}
		{CA3FF800-63D1-43D7-8D9D-A07DC99F9AE4} = {F488D0FC-9A71-464C-BD8B-D021F7E4B55E}
		{510794F7-F58F-43E1-88CA-C23721D6FC17} = {F488D0FC-9A71-464C-BD8B-D021F7E4B55E}
	EndGlobalSection
	GlobalSection(ExtensibilityGlobals) = postSolution
		SolutionGuid = {989A5E88-C177-4161-9741-2B0DF34856E6}
	EndGlobalSection
EndGlobal
